// !$*UTF8*$!
{
	archiveVersion = 1;
	classes = {
	};
	objectVersion = 46;
	objects = {

/* Begin PBXBuildFile section */
		B07454AB1CE7675B00106330 /* main.m in Sources */ = {isa = PBXBuildFile; fileRef = B07454AA1CE7675B00106330 /* main.m */; };
		B07454AE1CE7675B00106330 /* AppDelegate.m in Sources */ = {isa = PBXBuildFile; fileRef = B07454AD1CE7675B00106330 /* AppDelegate.m */; };
		B07454B11CE7675B00106330 /* DetailViewController.m in Sources */ = {isa = PBXBuildFile; fileRef = B07454B01CE7675B00106330 /* DetailViewController.m */; };
		B07454B41CE7675B00106330 /* Main.storyboard in Resources */ = {isa = PBXBuildFile; fileRef = B07454B21CE7675B00106330 /* Main.storyboard */; };
		B07454B61CE7675B00106330 /* Assets.xcassets in Resources */ = {isa = PBXBuildFile; fileRef = B07454B51CE7675B00106330 /* Assets.xcassets */; };
		B07454B91CE7675B00106330 /* LaunchScreen.storyboard in Resources */ = {isa = PBXBuildFile; fileRef = B07454B71CE7675B00106330 /* LaunchScreen.storyboard */; };
		B07454C41CE7675B00106330 /* labwork_1Tests.m in Sources */ = {isa = PBXBuildFile; fileRef = B07454C31CE7675B00106330 /* labwork_1Tests.m */; };
		B07454CF1CE7675B00106330 /* labwork_1UITests.m in Sources */ = {isa = PBXBuildFile; fileRef = B07454CE1CE7675B00106330 /* labwork_1UITests.m */; };
		B0FC0D501CF3358400B16B56 /* libsqlite3.tbd in Frameworks */ = {isa = PBXBuildFile; fileRef = B0FC0D4F1CF3358400B16B56 /* libsqlite3.tbd */; };
/* End PBXBuildFile section */

/* Begin PBXContainerItemProxy section */
		B07454C01CE7675B00106330 /* PBXContainerItemProxy */ = {
			isa = PBXContainerItemProxy;
			containerPortal = B074549E1CE7675B00106330 /* Project object */;
			proxyType = 1;
			remoteGlobalIDString = B07454A51CE7675B00106330;
			remoteInfo = labwork_1;
		};
		B07454CB1CE7675B00106330 /* PBXContainerItemProxy */ = {
			isa = PBXContainerItemProxy;
			containerPortal = B074549E1CE7675B00106330 /* Project object */;
			proxyType = 1;
			remoteGlobalIDString = B07454A51CE7675B00106330;
			remoteInfo = labwork_1;
		};
/* End PBXContainerItemProxy section */

/* Begin PBXFileReference section */
		B07454A61CE7675B00106330 /* labwork_1.app */ = {isa = PBXFileReference; explicitFileType = wrapper.application; includeInIndex = 0; path = labwork_1.app; sourceTree = BUILT_PRODUCTS_DIR; };
		B07454AA1CE7675B00106330 /* main.m */ = {isa = PBXFileReference; lastKnownFileType = sourcecode.c.objc; path = main.m; sourceTree = "<group>"; };
		B07454AC1CE7675B00106330 /* AppDelegate.h */ = {isa = PBXFileReference; lastKnownFileType = sourcecode.c.h; path = AppDelegate.h; sourceTree = "<group>"; };
		B07454AD1CE7675B00106330 /* AppDelegate.m */ = {isa = PBXFileReference; lastKnownFileType = sourcecode.c.objc; path = AppDelegate.m; sourceTree = "<group>"; };
		B07454AF1CE7675B00106330 /* DetailViewController.h */ = {isa = PBXFileReference; lastKnownFileType = sourcecode.c.h; path = DetailViewController.h; sourceTree = "<group>"; };
		B07454B01CE7675B00106330 /* DetailViewController.m */ = {isa = PBXFileReference; lastKnownFileType = sourcecode.c.objc; path = DetailViewController.m; sourceTree = "<group>"; };
		B07454B31CE7675B00106330 /* Base */ = {isa = PBXFileReference; lastKnownFileType = file.storyboard; name = Base; path = Base.lproj/Main.storyboard; sourceTree = "<group>"; };
		B07454B51CE7675B00106330 /* Assets.xcassets */ = {isa = PBXFileReference; lastKnownFileType = folder.assetcatalog; path = Assets.xcassets; sourceTree = "<group>"; };
		B07454B81CE7675B00106330 /* Base */ = {isa = PBXFileReference; lastKnownFileType = file.storyboard; name = Base; path = Base.lproj/LaunchScreen.storyboard; sourceTree = "<group>"; };
		B07454BA1CE7675B00106330 /* Info.plist */ = {isa = PBXFileReference; lastKnownFileType = text.plist.xml; path = Info.plist; sourceTree = "<group>"; };
		B07454BF1CE7675B00106330 /* labwork_1Tests.xctest */ = {isa = PBXFileReference; explicitFileType = wrapper.cfbundle; includeInIndex = 0; path = labwork_1Tests.xctest; sourceTree = BUILT_PRODUCTS_DIR; };
		B07454C31CE7675B00106330 /* labwork_1Tests.m */ = {isa = PBXFileReference; lastKnownFileType = sourcecode.c.objc; path = labwork_1Tests.m; sourceTree = "<group>"; };
		B07454C51CE7675B00106330 /* Info.plist */ = {isa = PBXFileReference; lastKnownFileType = text.plist.xml; path = Info.plist; sourceTree = "<group>"; };
		B07454CA1CE7675B00106330 /* labwork_1UITests.xctest */ = {isa = PBXFileReference; explicitFileType = wrapper.cfbundle; includeInIndex = 0; path = labwork_1UITests.xctest; sourceTree = BUILT_PRODUCTS_DIR; };
		B07454CE1CE7675B00106330 /* labwork_1UITests.m */ = {isa = PBXFileReference; lastKnownFileType = sourcecode.c.objc; path = labwork_1UITests.m; sourceTree = "<group>"; };
		B07454D01CE7675B00106330 /* Info.plist */ = {isa = PBXFileReference; lastKnownFileType = text.plist.xml; path = Info.plist; sourceTree = "<group>"; };
		B0FC0D4F1CF3358400B16B56 /* libsqlite3.tbd */ = {isa = PBXFileReference; lastKnownFileType = "sourcecode.text-based-dylib-definition"; name = libsqlite3.tbd; path = usr/lib/libsqlite3.tbd; sourceTree = SDKROOT; };
/* End PBXFileReference section */

/* Begin PBXFrameworksBuildPhase section */
		B07454A31CE7675B00106330 /* Frameworks */ = {
			isa = PBXFrameworksBuildPhase;
			buildActionMask = 2147483647;
			files = (
				B0FC0D501CF3358400B16B56 /* libsqlite3.tbd in Frameworks */,
			);
			runOnlyForDeploymentPostprocessing = 0;
		};
		B07454BC1CE7675B00106330 /* Frameworks */ = {
			isa = PBXFrameworksBuildPhase;
			buildActionMask = 2147483647;
			files = (
			);
			runOnlyForDeploymentPostprocessing = 0;
		};
		B07454C71CE7675B00106330 /* Frameworks */ = {
			isa = PBXFrameworksBuildPhase;
			buildActionMask = 2147483647;
			files = (
			);
			runOnlyForDeploymentPostprocessing = 0;
		};
/* End PBXFrameworksBuildPhase section */

/* Begin PBXGroup section */
		B074549D1CE7675B00106330 = {
			isa = PBXGroup;
			children = (
				B0FC0D4F1CF3358400B16B56 /* libsqlite3.tbd */,
				B07454A81CE7675B00106330 /* labwork_1 */,
				B07454C21CE7675B00106330 /* labwork_1Tests */,
				B07454CD1CE7675B00106330 /* labwork_1UITests */,
				B07454A71CE7675B00106330 /* Products */,
			);
			sourceTree = "<group>";
		};
		B07454A71CE7675B00106330 /* Products */ = {
			isa = PBXGroup;
			children = (
				B07454A61CE7675B00106330 /* labwork_1.app */,
				B07454BF1CE7675B00106330 /* labwork_1Tests.xctest */,
				B07454CA1CE7675B00106330 /* labwork_1UITests.xctest */,
			);
			name = Products;
			sourceTree = "<group>";
		};
		B07454A81CE7675B00106330 /* labwork_1 */ = {
			isa = PBXGroup;
			children = (
				B07454AC1CE7675B00106330 /* AppDelegate.h */,
				B07454AD1CE7675B00106330 /* AppDelegate.m */,
				B07454AF1CE7675B00106330 /* DetailViewController.h */,
				B07454B01CE7675B00106330 /* DetailViewController.m */,
				B07454B21CE7675B00106330 /* Main.storyboard */,
				B07454B51CE7675B00106330 /* Assets.xcassets */,
				B07454B71CE7675B00106330 /* LaunchScreen.storyboard */,
				B07454BA1CE7675B00106330 /* Info.plist */,
				B07454A91CE7675B00106330 /* Supporting Files */,
			);
			path = labwork_1;
			sourceTree = "<group>";
		};
		B07454A91CE7675B00106330 /* Supporting Files */ = {
			isa = PBXGroup;
			children = (
				B07454AA1CE7675B00106330 /* main.m */,
			);
			name = "Supporting Files";
			sourceTree = "<group>";
		};
		B07454C21CE7675B00106330 /* labwork_1Tests */ = {
			isa = PBXGroup;
			children = (
				B07454C31CE7675B00106330 /* labwork_1Tests.m */,
				B07454C51CE7675B00106330 /* Info.plist */,
			);
			path = labwork_1Tests;
			sourceTree = "<group>";
		};
		B07454CD1CE7675B00106330 /* labwork_1UITests */ = {
			isa = PBXGroup;
			children = (
				B07454CE1CE7675B00106330 /* labwork_1UITests.m */,
				B07454D01CE7675B00106330 /* Info.plist */,
			);
			path = labwork_1UITests;
			sourceTree = "<group>";
		};
/* End PBXGroup section */

/* Begin PBXNativeTarget section */
		B07454A51CE7675B00106330 /* labwork_1 */ = {
			isa = PBXNativeTarget;
			buildConfigurationList = B07454D31CE7675B00106330 /* Build configuration list for PBXNativeTarget "labwork_1" */;
			buildPhases = (
				B07454A21CE7675B00106330 /* Sources */,
				B07454A31CE7675B00106330 /* Frameworks */,
				B07454A41CE7675B00106330 /* Resources */,
			);
			buildRules = (
			);
			dependencies = (
			);
			name = labwork_1;
			productName = labwork_1;
			productReference = B07454A61CE7675B00106330 /* labwork_1.app */;
			productType = "com.apple.product-type.application";
		};
		B07454BE1CE7675B00106330 /* labwork_1Tests */ = {
			isa = PBXNativeTarget;
			buildConfigurationList = B07454D61CE7675B00106330 /* Build configuration list for PBXNativeTarget "labwork_1Tests" */;
			buildPhases = (
				B07454BB1CE7675B00106330 /* Sources */,
				B07454BC1CE7675B00106330 /* Frameworks */,
				B07454BD1CE7675B00106330 /* Resources */,
			);
			buildRules = (
			);
			dependencies = (
				B07454C11CE7675B00106330 /* PBXTargetDependency */,
			);
			name = labwork_1Tests;
			productName = labwork_1Tests;
			productReference = B07454BF1CE7675B00106330 /* labwork_1Tests.xctest */;
			productType = "com.apple.product-type.bundle.unit-test";
		};
		B07454C91CE7675B00106330 /* labwork_1UITests */ = {
			isa = PBXNativeTarget;
			buildConfigurationList = B07454D91CE7675B00106330 /* Build configuration list for PBXNativeTarget "labwork_1UITests" */;
			buildPhases = (
				B07454C61CE7675B00106330 /* Sources */,
				B07454C71CE7675B00106330 /* Frameworks */,
				B07454C81CE7675B00106330 /* Resources */,
			);
			buildRules = (
			);
			dependencies = (
				B07454CC1CE7675B00106330 /* PBXTargetDependency */,
			);
			name = labwork_1UITests;
			productName = labwork_1UITests;
			productReference = B07454CA1CE7675B00106330 /* labwork_1UITests.xctest */;
			productType = "com.apple.product-type.bundle.ui-testing";
		};
/* End PBXNativeTarget section */

/* Begin PBXProject section */
		B074549E1CE7675B00106330 /* Project object */ = {
			isa = PBXProject;
			attributes = {
				LastUpgradeCheck = 0730;
				ORGANIZATIONNAME = pwlae;
				TargetAttributes = {
					B07454A51CE7675B00106330 = {
						CreatedOnToolsVersion = 7.3;
					};
					B07454BE1CE7675B00106330 = {
						CreatedOnToolsVersion = 7.3;
						TestTargetID = B07454A51CE7675B00106330;
					};
					B07454C91CE7675B00106330 = {
						CreatedOnToolsVersion = 7.3;
						TestTargetID = B07454A51CE7675B00106330;
					};
				};
			};
			buildConfigurationList = B07454A11CE7675B00106330 /* Build configuration list for PBXProject "labwork_1" */;
			compatibilityVersion = "Xcode 3.2";
			developmentRegion = English;
			hasScannedForEncodings = 0;
			knownRegions = (
				en,
				Base,
			);
			mainGroup = B074549D1CE7675B00106330;
			productRefGroup = B07454A71CE7675B00106330 /* Products */;
			projectDirPath = "";
			projectRoot = "";
			targets = (
				B07454A51CE7675B00106330 /* labwork_1 */,
				B07454BE1CE7675B00106330 /* labwork_1Tests */,
				B07454C91CE7675B00106330 /* labwork_1UITests */,
			);
		};
/* End PBXProject section */

/* Begin PBXResourcesBuildPhase section */
		B07454A41CE7675B00106330 /* Resources */ = {
			isa = PBXResourcesBuildPhase;
			buildActionMask = 2147483647;
			files = (
				B07454B91CE7675B00106330 /* LaunchScreen.storyboard in Resources */,
				B07454B61CE7675B00106330 /* Assets.xcassets in Resources */,
				B07454B41CE7675B00106330 /* Main.storyboard in Resources */,
			);
			runOnlyForDeploymentPostprocessing = 0;
		};
		B07454BD1CE7675B00106330 /* Resources */ = {
			isa = PBXResourcesBuildPhase;
			buildActionMask = 2147483647;
			files = (
			);
			runOnlyForDeploymentPostprocessing = 0;
		};
		B07454C81CE7675B00106330 /* Resources */ = {
			isa = PBXResourcesBuildPhase;
			buildActionMask = 2147483647;
			files = (
			);
			runOnlyForDeploymentPostprocessing = 0;
		};
/* End PBXResourcesBuildPhase section */

/* Begin PBXSourcesBuildPhase section */
		B07454A21CE7675B00106330 /* Sources */ = {
			isa = PBXSourcesBuildPhase;
			buildActionMask = 2147483647;
			files = (
				B07454B11CE7675B00106330 /* DetailViewController.m in Sources */,
				B07454AE1CE7675B00106330 /* AppDelegate.m in Sources */,
				B07454AB1CE7675B00106330 /* main.m in Sources */,
			);
			runOnlyForDeploymentPostprocessing = 0;
		};
		B07454BB1CE7675B00106330 /* Sources */ = {
			isa = PBXSourcesBuildPhase;
			buildActionMask = 2147483647;
			files = (
				B07454C41CE7675B00106330 /* labwork_1Tests.m in Sources */,
			);
			runOnlyForDeploymentPostprocessing = 0;
		};
		B07454C61CE7675B00106330 /* Sources */ = {
			isa = PBXSourcesBuildPhase;
			buildActionMask = 2147483647;
			files = (
				B07454CF1CE7675B00106330 /* labwork_1UITests.m in Sources */,
			);
			runOnlyForDeploymentPostprocessing = 0;
		};
/* End PBXSourcesBuildPhase section */

/* Begin PBXTargetDependency section */
		B07454C11CE7675B00106330 /* PBXTargetDependency */ = {
			isa = PBXTargetDependency;
			target = B07454A51CE7675B00106330 /* labwork_1 */;
			targetProxy = B07454C01CE7675B00106330 /* PBXContainerItemProxy */;
		};
		B07454CC1CE7675B00106330 /* PBXTargetDependency */ = {
			isa = PBXTargetDependency;
			target = B07454A51CE7675B00106330 /* labwork_1 */;
			targetProxy = B07454CB1CE7675B00106330 /* PBXContainerItemProxy */;
		};
/* End PBXTargetDependency section */

/* Begin PBXVariantGroup section */
		B07454B21CE7675B00106330 /* Main.storyboard */ = {
			isa = PBXVariantGroup;
			children = (
				B07454B31CE7675B00106330 /* Base */,
			);
			name = Main.storyboard;
			sourceTree = "<group>";
		};
		B07454B71CE7675B00106330 /* LaunchScreen.storyboard */ = {
			isa = PBXVariantGroup;
			children = (
				B07454B81CE7675B00106330 /* Base */,
			);
			name = LaunchScreen.storyboard;
			sourceTree = "<group>";
		};
/* End PBXVariantGroup section */

/* Begin XCBuildConfiguration section */
		B07454D11CE7675B00106330 /* Debug */ = {
			isa = XCBuildConfiguration;
			buildSettings = {
				ALWAYS_SEARCH_USER_PATHS = NO;
				CLANG_ANALYZER_NONNULL = YES;
				CLANG_CXX_LANGUAGE_STANDARD = "gnu++0x";
				CLANG_CXX_LIBRARY = "libc++";
				CLANG_ENABLE_MODULES = YES;
				CLANG_ENABLE_OBJC_ARC = YES;
				CLANG_WARN_BOOL_CONVERSION = YES;
				CLANG_WARN_CONSTANT_CONVERSION = YES;
				CLANG_WARN_DIRECT_OBJC_ISA_USAGE = YES_ERROR;
				CLANG_WARN_EMPTY_BODY = YES;
				CLANG_WARN_ENUM_CONVERSION = YES;
				CLANG_WARN_INT_CONVERSION = YES;
				CLANG_WARN_OBJC_ROOT_CLASS = YES_ERROR;
				CLANG_WARN_UNREACHABLE_CODE = YES;
				CLANG_WARN__DUPLICATE_METHOD_MATCH = YES;
				"CODE_SIGN_IDENTITY[sdk=iphoneos*]" = "iPhone Developer";
				COPY_PHASE_STRIP = NO;
				DEBUG_INFORMATION_FORMAT = dwarf;
				ENABLE_STRICT_OBJC_MSGSEND = YES;
				ENABLE_TESTABILITY = YES;
				GCC_C_LANGUAGE_STANDARD = gnu99;
				GCC_DYNAMIC_NO_PIC = NO;
				GCC_NO_COMMON_BLOCKS = YES;
				GCC_OPTIMIZATION_LEVEL = 0;
				GCC_PREPROCESSOR_DEFINITIONS = (
					"DEBUG=1",
					"$(inherited)",
				);
				GCC_WARN_64_TO_32_BIT_CONVERSION = YES;
				GCC_WARN_ABOUT_RETURN_TYPE = YES_ERROR;
				GCC_WARN_UNDECLARED_SELECTOR = YES;
				GCC_WARN_UNINITIALIZED_AUTOS = YES_AGGRESSIVE;
				GCC_WARN_UNUSED_FUNCTION = YES;
				GCC_WARN_UNUSED_VARIABLE = YES;
				IPHONEOS_DEPLOYMENT_TARGET = 9.3;
				MTL_ENABLE_DEBUG_INFO = YES;
				ONLY_ACTIVE_ARCH = YES;
				SDKROOT = iphoneos;
			};
			name = Debug;
		};
		B07454D21CE7675B00106330 /* Release */ = {
			isa = XCBuildConfiguration;
			buildSettings = {
				ALWAYS_SEARCH_USER_PATHS = NO;
				CLANG_ANALYZER_NONNULL = YES;
				CLANG_CXX_LANGUAGE_STANDARD = "gnu++0x";
				CLANG_CXX_LIBRARY = "libc++";
				CLANG_ENABLE_MODULES = YES;
				CLANG_ENABLE_OBJC_ARC = YES;
				CLANG_WARN_BOOL_CONVERSION = YES;
				CLANG_WARN_CONSTANT_CONVERSION = YES;
				CLANG_WARN_DIRECT_OBJC_ISA_USAGE = YES_ERROR;
				CLANG_WARN_EMPTY_BODY = YES;
				CLANG_WARN_ENUM_CONVERSION = YES;
				CLANG_WARN_INT_CONVERSION = YES;
				CLANG_WARN_OBJC_ROOT_CLASS = YES_ERROR;
				CLANG_WARN_UNREACHABLE_CODE = YES;
				CLANG_WARN__DUPLICATE_METHOD_MATCH = YES;
				"CODE_SIGN_IDENTITY[sdk=iphoneos*]" = "iPhone Developer";
				COPY_PHASE_STRIP = NO;
				DEBUG_INFORMATION_FORMAT = "dwarf-with-dsym";
				ENABLE_NS_ASSERTIONS = NO;
				ENABLE_STRICT_OBJC_MSGSEND = YES;
				GCC_C_LANGUAGE_STANDARD = gnu99;
				GCC_NO_COMMON_BLOCKS = YES;
				GCC_WARN_64_TO_32_BIT_CONVERSION = YES;
				GCC_WARN_ABOUT_RETURN_TYPE = YES_ERROR;
				GCC_WARN_UNDECLARED_SELECTOR = YES;
				GCC_WARN_UNINITIALIZED_AUTOS = YES_AGGRESSIVE;
				GCC_WARN_UNUSED_FUNCTION = YES;
				GCC_WARN_UNUSED_VARIABLE = YES;
				IPHONEOS_DEPLOYMENT_TARGET = 9.3;
				MTL_ENABLE_DEBUG_INFO = NO;
				SDKROOT = iphoneos;
				VALIDATE_PRODUCT = YES;
			};
			name = Release;
		};
		B07454D41CE7675B00106330 /* Debug */ = {
			isa = XCBuildConfiguration;
			buildSettings = {
				ASSETCATALOG_COMPILER_APPICON_NAME = AppIcon;
				INFOPLIST_FILE = labwork_1/Info.plist;
				LD_RUNPATH_SEARCH_PATHS = "$(inherited) @executable_path/Frameworks";
				PRODUCT_BUNDLE_IDENTIFIER = "pwlae.labwork-1";
				PRODUCT_NAME = "$(TARGET_NAME)";
			};
			name = Debug;
		};
		B07454D51CE7675B00106330 /* Release */ = {
			isa = XCBuildConfiguration;
			buildSettings = {
				ASSETCATALOG_COMPILER_APPICON_NAME = AppIcon;
				INFOPLIST_FILE = labwork_1/Info.plist;
				LD_RUNPATH_SEARCH_PATHS = "$(inherited) @executable_path/Frameworks";
				PRODUCT_BUNDLE_IDENTIFIER = "pwlae.labwork-1";
				PRODUCT_NAME = "$(TARGET_NAME)";
			};
			name = Release;
		};
		B07454D71CE7675B00106330 /* Debug */ = {
			isa = XCBuildConfiguration;
			buildSettings = {
				BUNDLE_LOADER = "$(TEST_HOST)";
				INFOPLIST_FILE = labwork_1Tests/Info.plist;
				LD_RUNPATH_SEARCH_PATHS = "$(inherited) @executable_path/Frameworks @loader_path/Frameworks";
				PRODUCT_BUNDLE_IDENTIFIER = "pwlae.labwork-1Tests";
				PRODUCT_NAME = "$(TARGET_NAME)";
				TEST_HOST = "$(BUILT_PRODUCTS_DIR)/labwork_1.app/labwork_1";
			};
			name = Debug;
		};
		B07454D81CE7675B00106330 /* Release */ = {
			isa = XCBuildConfiguration;
			buildSettings = {
				BUNDLE_LOADER = "$(TEST_HOST)";
				INFOPLIST_FILE = labwork_1Tests/Info.plist;
				LD_RUNPATH_SEARCH_PATHS = "$(inherited) @executable_path/Frameworks @loader_path/Frameworks";
				PRODUCT_BUNDLE_IDENTIFIER = "pwlae.labwork-1Tests";
				PRODUCT_NAME = "$(TARGET_NAME)";
				TEST_HOST = "$(BUILT_PRODUCTS_DIR)/labwork_1.app/labwork_1";
			};
			name = Release;
		};
		B07454DA1CE7675B00106330 /* Debug */ = {
			isa = XCBuildConfiguration;
			buildSettings = {
				INFOPLIST_FILE = labwork_1UITests/Info.plist;
				LD_RUNPATH_SEARCH_PATHS = "$(inherited) @executable_path/Frameworks @loader_path/Frameworks";
				PRODUCT_BUNDLE_IDENTIFIER = "pwlae.labwork-1UITests";
				PRODUCT_NAME = "$(TARGET_NAME)";
				TEST_TARGET_NAME = labwork_1;
			};
			name = Debug;
		};
		B07454DB1CE7675B00106330 /* Release */ = {
			isa = XCBuildConfiguration;
			buildSettings = {
				INFOPLIST_FILE = labwork_1UITests/Info.plist;
				LD_RUNPATH_SEARCH_PATHS = "$(inherited) @executable_path/Frameworks @loader_path/Frameworks";
				PRODUCT_BUNDLE_IDENTIFIER = "pwlae.labwork-1UITests";
				PRODUCT_NAME = "$(TARGET_NAME)";
				TEST_TARGET_NAME = labwork_1;
			};
			name = Release;
		};
/* End XCBuildConfiguration section */

/* Begin XCConfigurationList section */
		B07454A11CE7675B00106330 /* Build configuration list for PBXProject "labwork_1" */ = {
			isa = XCConfigurationList;
			buildConfigurations = (
				B07454D11CE7675B00106330 /* Debug */,
				B07454D21CE7675B00106330 /* Release */,
			);
			defaultConfigurationIsVisible = 0;
			defaultConfigurationName = Release;
		};
		B07454D31CE7675B00106330 /* Build configuration list for PBXNativeTarget "labwork_1" */ = {
			isa = XCConfigurationList;
			buildConfigurations = (
				B07454D41CE7675B00106330 /* Debug */,
				B07454D51CE7675B00106330 /* Release */,
			);
			defaultConfigurationIsVisible = 0;
			defaultConfigurationName = Release;
		};
		B07454D61CE7675B00106330 /* Build configuration list for PBXNativeTarget "labwork_1Tests" */ = {
			isa = XCConfigurationList;
			buildConfigurations = (
				B07454D71CE7675B00106330 /* Debug */,
				B07454D81CE7675B00106330 /* Release */,
			);
			defaultConfigurationIsVisible = 0;
			defaultConfigurationName = Release;
		};
		B07454D91CE7675B00106330 /* Build configuration list for PBXNativeTarget "labwork_1UITests" */ = {
			isa = XCConfigurationList;
			buildConfigurations = (
				B07454DA1CE7675B00106330 /* Debug */,
				B07454DB1CE7675B00106330 /* Release */,
			);
			defaultConfigurationIsVisible = 0;
			defaultConfigurationName = Release;
		};
/* End XCConfigurationList section */
	};
	rootObject = B074549E1CE7675B00106330 /* Project object */;
}
